
Microsoft Visual Studio Solution File, Format Version 12.00
# Visual Studio Version 16
VisualStudioVersion = 16.0.29613.14
MinimumVisualStudioVersion = 10.0.40219.1
Project("{888888A0-9F3D-457C-B088-3A5042F75D52}") = "Smart_Parking", "Smart_Parking.pyproj", "{0E6288EC-01A5-4CB5-A309-9ACC6FD90804}"
EndProject
Global
	GlobalSection(SolutionConfigurationPlatforms) = preSolution
		Debug|Any CPU = Debug|Any CPU
		Release|Any CPU = Release|Any CPU
	EndGlobalSection
	GlobalSection(ProjectConfigurationPlatforms) = postSolution
		{0E6288EC-01A5-4CB5-A309-9ACC6FD90804}.Debug|Any CPU.ActiveCfg = Debug|Any CPU
		{0E6288EC-01A5-4CB5-A309-9ACC6FD90804}.Debug|Any CPU.Build.0 = Debug|Any CPU
		{0E6288EC-01A5-4CB5-A309-9ACC6FD90804}.Release|Any CPU.ActiveCfg = Release|Any CPU
		{0E6288EC-01A5-4CB5-A309-9ACC6FD90804}.Release|Any CPU.Build.0 = Release|Any CPU
	EndGlobalSection
	GlobalSection(SolutionProperties) = preSolution
		HideSolutionNode = FALSE
	EndGlobalSection
	GlobalSection(ExtensibilityGlobals) = postSolution
		SolutionGuid = {D59113B7-0AD8-4AC4-A407-2C70358264FA}
	EndGlobalSection
EndGlobal
